
Microsoft Visual Studio Solution File, Format Version 12.00
# Visual Studio 15
Project("{FAE04EC0-301F-11D3-BF4B-00C04F79EFBC}") = "Assembly-CSharp", "Assembly-CSharp.csproj", "{A59D874E-1D33-8D33-B470-CF0B8895F52F}"
EndProject
Project("{FAE04EC0-301F-11D3-BF4B-00C04F79EFBC}") = "NavMeshComponents", "NavMeshComponents.csproj", "{8F7E967C-48E6-F927-439C-1F00A5035E96}"
EndProject
Project("{FAE04EC0-301F-11D3-BF4B-00C04F79EFBC}") = "NavMeshComponentsEditor", "NavMeshComponentsEditor.csproj", "{05F732C4-0B9D-79EE-753B-0FD928C78EDC}"
EndProject
Project("{FAE04EC0-301F-11D3-BF4B-00C04F79EFBC}") = "Assembly-CSharp-Editor", "Assembly-CSharp-Editor.csproj", "{9C3CF909-708E-EAF9-7230-407E29470B89}"
EndProject
Global
	GlobalSection(SolutionConfigurationPlatforms) = preSolution
		Debug|Any CPU = Debug|Any CPU
		Release|Any CPU = Release|Any CPU
	EndGlobalSection
	GlobalSection(ProjectConfigurationPlatforms) = postSolution
		{A59D874E-1D33-8D33-B470-CF0B8895F52F}.Debug|Any CPU.ActiveCfg = Debug|Any CPU
		{A59D874E-1D33-8D33-B470-CF0B8895F52F}.Debug|Any CPU.Build.0 = Debug|Any CPU
		{A59D874E-1D33-8D33-B470-CF0B8895F52F}.Release|Any CPU.ActiveCfg = Release|Any CPU
		{A59D874E-1D33-8D33-B470-CF0B8895F52F}.Release|Any CPU.Build.0 = Release|Any CPU
		{8F7E967C-48E6-F927-439C-1F00A5035E96}.Debug|Any CPU.ActiveCfg = Debug|Any CPU
		{8F7E967C-48E6-F927-439C-1F00A5035E96}.Debug|Any CPU.Build.0 = Debug|Any CPU
		{8F7E967C-48E6-F927-439C-1F00A5035E96}.Release|Any CPU.ActiveCfg = Release|Any CPU
		{8F7E967C-48E6-F927-439C-1F00A5035E96}.Release|Any CPU.Build.0 = Release|Any CPU
		{05F732C4-0B9D-79EE-753B-0FD928C78EDC}.Debug|Any CPU.ActiveCfg = Debug|Any CPU
		{05F732C4-0B9D-79EE-753B-0FD928C78EDC}.Debug|Any CPU.Build.0 = Debug|Any CPU
		{05F732C4-0B9D-79EE-753B-0FD928C78EDC}.Release|Any CPU.ActiveCfg = Release|Any CPU
		{05F732C4-0B9D-79EE-753B-0FD928C78EDC}.Release|Any CPU.Build.0 = Release|Any CPU
		{9C3CF909-708E-EAF9-7230-407E29470B89}.Debug|Any CPU.ActiveCfg = Debug|Any CPU
		{9C3CF909-708E-EAF9-7230-407E29470B89}.Debug|Any CPU.Build.0 = Debug|Any CPU
		{9C3CF909-708E-EAF9-7230-407E29470B89}.Release|Any CPU.ActiveCfg = Release|Any CPU
		{9C3CF909-708E-EAF9-7230-407E29470B89}.Release|Any CPU.Build.0 = Release|Any CPU
	EndGlobalSection
	GlobalSection(SolutionProperties) = preSolution
		HideSolutionNode = FALSE
	EndGlobalSection
EndGlobal
